
Microsoft Visual Studio Solution File, Format Version 12.00
# Visual Studio Version 17
VisualStudioVersion = 17.6.33712.159
MinimumVisualStudioVersion = 10.0.40219.1
Project("{FAE04EC0-301F-11D3-BF4B-00C04F79EFBC}") = "JucarAutopartesCRUD", "JucarAutopartesCRUD\JucarAutopartesCRUD.csproj", "{1A8BB0CB-4365-4234-BBFA-5FCA55046A9D}"
EndProject
Global
	GlobalSection(SolutionConfigurationPlatforms) = preSolution
		Debug|Any CPU = Debug|Any CPU
		Release|Any CPU = Release|Any CPU
	EndGlobalSection
	GlobalSection(ProjectConfigurationPlatforms) = postSolution
		{1A8BB0CB-4365-4234-BBFA-5FCA55046A9D}.Debug|Any CPU.ActiveCfg = Debug|Any CPU
		{1A8BB0CB-4365-4234-BBFA-5FCA55046A9D}.Debug|Any CPU.Build.0 = Debug|Any CPU
		{1A8BB0CB-4365-4234-BBFA-5FCA55046A9D}.Release|Any CPU.ActiveCfg = Release|Any CPU
		{1A8BB0CB-4365-4234-BBFA-5FCA55046A9D}.Release|Any CPU.Build.0 = Release|Any CPU
	EndGlobalSection
	GlobalSection(SolutionProperties) = preSolution
		HideSolutionNode = FALSE
	EndGlobalSection
	GlobalSection(ExtensibilityGlobals) = postSolution
		SolutionGuid = {D81AA134-C002-47E3-A114-9879BAE4F08B}
	EndGlobalSection
EndGlobal
